
Microsoft Visual Studio Solution File, Format Version 12.00
# Visual Studio Version 17
VisualStudioVersion = 17.5.33209.295
MinimumVisualStudioVersion = 10.0.40219.1
Project("{FAE04EC0-301F-11D3-BF4B-00C04F79EFBC}") = "MWMapStitcher", "MWMapStitcher.csproj", "{8D595003-FD36-48BC-BD0C-40A16DAF2D39}"
EndProject
Global
	GlobalSection(SolutionConfigurationPlatforms) = preSolution
		Debug|Any CPU = Debug|Any CPU
		Debug|x64 = Debug|x64
		Release|Any CPU = Release|Any CPU
		Release|x64 = Release|x64
	EndGlobalSection
	GlobalSection(ProjectConfigurationPlatforms) = postSolution
		{8D595003-FD36-48BC-BD0C-40A16DAF2D39}.Debug|Any CPU.ActiveCfg = Debug|Any CPU
		{8D595003-FD36-48BC-BD0C-40A16DAF2D39}.Debug|Any CPU.Build.0 = Debug|Any CPU
		{8D595003-FD36-48BC-BD0C-40A16DAF2D39}.Debug|x64.ActiveCfg = Debug|x64
		{8D595003-FD36-48BC-BD0C-40A16DAF2D39}.Debug|x64.Build.0 = Debug|x64
		{8D595003-FD36-48BC-BD0C-40A16DAF2D39}.Release|Any CPU.ActiveCfg = Release|Any CPU
		{8D595003-FD36-48BC-BD0C-40A16DAF2D39}.Release|Any CPU.Build.0 = Release|Any CPU
		{8D595003-FD36-48BC-BD0C-40A16DAF2D39}.Release|x64.ActiveCfg = Release|x64
		{8D595003-FD36-48BC-BD0C-40A16DAF2D39}.Release|x64.Build.0 = Release|x64
	EndGlobalSection
	GlobalSection(SolutionProperties) = preSolution
		HideSolutionNode = FALSE
	EndGlobalSection
	GlobalSection(ExtensibilityGlobals) = postSolution
		SolutionGuid = {F6A623D1-8C77-4ECE-B51D-AFF5421CDEB3}
	EndGlobalSection
EndGlobal
